
Microsoft Visual Studio Solution File, Format Version 12.00
# Visual Studio Version 17
VisualStudioVersion = 17.13.35818.85
MinimumVisualStudioVersion = 10.0.40219.1
Project("{FAE04EC0-301F-11D3-BF4B-00C04F79EFBC}") = "ToDoList", "ToDoList\ToDoList.csproj", "{DEFFAA97-C0DA-4F66-BE2E-2427C6CAF233}"
EndProject
Project("{FAE04EC0-301F-11D3-BF4B-00C04F79EFBC}") = "ToDoListAPI.Core.Application", "ToDoListAPI.Core.Application\ToDoListAPI.Core.Application.csproj", "{A723C053-DF9C-9B80-3840-8F14356A55D3}"
EndProject
Project("{FAE04EC0-301F-11D3-BF4B-00C04F79EFBC}") = "ToDoListAPI.Core.Domain", "ToDoListAPI.Core.Domain\ToDoListAPI.Core.Domain.csproj", "{27AE8214-3070-43F1-052E-514136C5E1ED}"
EndProject
Project("{FAE04EC0-301F-11D3-BF4B-00C04F79EFBC}") = "ToDoListAPI.Infrastructure.Persistence", "ToDoListAPI.Infrastructure.Persistence\ToDoListAPI.Infrastructure.Persistence.csproj", "{D09DDE03-0DE8-6CC5-9C35-60638AD63244}"
EndProject
Project("{2150E333-8FDC-42A3-9474-1A3956D46DE8}") = "src", "src", "{02EA681E-C7D8-13C7-8484-4AC65E1B71E8}"
EndProject
Project("{2150E333-8FDC-42A3-9474-1A3956D46DE8}") = "core", "core", "{6253D2AE-58AE-42AA-923F-81EA3633698E}"
EndProject
Project("{2150E333-8FDC-42A3-9474-1A3956D46DE8}") = "Infraestructure", "Infraestructure", "{BE2CABAB-652D-4AD4-8AC4-3D7200C03E8D}"
EndProject
Project("{2150E333-8FDC-42A3-9474-1A3956D46DE8}") = "Presentation", "Presentation", "{17867ECB-CA98-45B7-B1AE-A3A2546D65AB}"
EndProject
Project("{2150E333-8FDC-42A3-9474-1A3956D46DE8}") = "Web", "Web", "{E9F7A967-3530-4F90-ADC6-03A0AD1570A4}"
EndProject
Global
	GlobalSection(SolutionConfigurationPlatforms) = preSolution
		Debug|Any CPU = Debug|Any CPU
		Release|Any CPU = Release|Any CPU
	EndGlobalSection
	GlobalSection(ProjectConfigurationPlatforms) = postSolution
		{DEFFAA97-C0DA-4F66-BE2E-2427C6CAF233}.Debug|Any CPU.ActiveCfg = Debug|Any CPU
		{DEFFAA97-C0DA-4F66-BE2E-2427C6CAF233}.Debug|Any CPU.Build.0 = Debug|Any CPU
		{DEFFAA97-C0DA-4F66-BE2E-2427C6CAF233}.Release|Any CPU.ActiveCfg = Release|Any CPU
		{DEFFAA97-C0DA-4F66-BE2E-2427C6CAF233}.Release|Any CPU.Build.0 = Release|Any CPU
		{A723C053-DF9C-9B80-3840-8F14356A55D3}.Debug|Any CPU.ActiveCfg = Debug|Any CPU
		{A723C053-DF9C-9B80-3840-8F14356A55D3}.Debug|Any CPU.Build.0 = Debug|Any CPU
		{A723C053-DF9C-9B80-3840-8F14356A55D3}.Release|Any CPU.ActiveCfg = Release|Any CPU
		{A723C053-DF9C-9B80-3840-8F14356A55D3}.Release|Any CPU.Build.0 = Release|Any CPU
		{27AE8214-3070-43F1-052E-514136C5E1ED}.Debug|Any CPU.ActiveCfg = Debug|Any CPU
		{27AE8214-3070-43F1-052E-514136C5E1ED}.Debug|Any CPU.Build.0 = Debug|Any CPU
		{27AE8214-3070-43F1-052E-514136C5E1ED}.Release|Any CPU.ActiveCfg = Release|Any CPU
		{27AE8214-3070-43F1-052E-514136C5E1ED}.Release|Any CPU.Build.0 = Release|Any CPU
		{D09DDE03-0DE8-6CC5-9C35-60638AD63244}.Debug|Any CPU.ActiveCfg = Debug|Any CPU
		{D09DDE03-0DE8-6CC5-9C35-60638AD63244}.Debug|Any CPU.Build.0 = Debug|Any CPU
		{D09DDE03-0DE8-6CC5-9C35-60638AD63244}.Release|Any CPU.ActiveCfg = Release|Any CPU
		{D09DDE03-0DE8-6CC5-9C35-60638AD63244}.Release|Any CPU.Build.0 = Release|Any CPU
	EndGlobalSection
	GlobalSection(SolutionProperties) = preSolution
		HideSolutionNode = FALSE
	EndGlobalSection
	GlobalSection(NestedProjects) = preSolution
		{DEFFAA97-C0DA-4F66-BE2E-2427C6CAF233} = {E9F7A967-3530-4F90-ADC6-03A0AD1570A4}
		{A723C053-DF9C-9B80-3840-8F14356A55D3} = {6253D2AE-58AE-42AA-923F-81EA3633698E}
		{27AE8214-3070-43F1-052E-514136C5E1ED} = {6253D2AE-58AE-42AA-923F-81EA3633698E}
		{D09DDE03-0DE8-6CC5-9C35-60638AD63244} = {BE2CABAB-652D-4AD4-8AC4-3D7200C03E8D}
		{6253D2AE-58AE-42AA-923F-81EA3633698E} = {02EA681E-C7D8-13C7-8484-4AC65E1B71E8}
		{BE2CABAB-652D-4AD4-8AC4-3D7200C03E8D} = {02EA681E-C7D8-13C7-8484-4AC65E1B71E8}
		{17867ECB-CA98-45B7-B1AE-A3A2546D65AB} = {02EA681E-C7D8-13C7-8484-4AC65E1B71E8}
		{E9F7A967-3530-4F90-ADC6-03A0AD1570A4} = {17867ECB-CA98-45B7-B1AE-A3A2546D65AB}
	EndGlobalSection
	GlobalSection(ExtensibilityGlobals) = postSolution
		SolutionGuid = {A47BBA77-9B74-48C4-8CC7-5E0DF3A7C645}
	EndGlobalSection
EndGlobal
